
Microsoft Visual Studio Solution File, Format Version 12.00
# Visual Studio Version 17
VisualStudioVersion = 17.4.33103.184
MinimumVisualStudioVersion = 10.0.40219.1
Project("{FAE04EC0-301F-11D3-BF4B-00C04F79EFBC}") = "FirstMVCApp", "FirstMVCApp\FirstMVCApp.csproj", "{7D7ADDEA-8DDE-4E89-8414-F60674772744}"
EndProject
Global
	GlobalSection(SolutionConfigurationPlatforms) = preSolution
		Debug|Any CPU = Debug|Any CPU
		Release|Any CPU = Release|Any CPU
	EndGlobalSection
	GlobalSection(ProjectConfigurationPlatforms) = postSolution
		{7D7ADDEA-8DDE-4E89-8414-F60674772744}.Debug|Any CPU.ActiveCfg = Debug|Any CPU
		{7D7ADDEA-8DDE-4E89-8414-F60674772744}.Debug|Any CPU.Build.0 = Debug|Any CPU
		{7D7ADDEA-8DDE-4E89-8414-F60674772744}.Release|Any CPU.ActiveCfg = Release|Any CPU
		{7D7ADDEA-8DDE-4E89-8414-F60674772744}.Release|Any CPU.Build.0 = Release|Any CPU
	EndGlobalSection
	GlobalSection(SolutionProperties) = preSolution
		HideSolutionNode = FALSE
	EndGlobalSection
	GlobalSection(ExtensibilityGlobals) = postSolution
		SolutionGuid = {737AF4A7-73FC-4A6B-A1C5-E9236C9E6AF5}
	EndGlobalSection
EndGlobal
